// !$*UTF8*$!
{
	archiveVersion = 1;
	classes = {
	};
	objectVersion = 46;
	objects = {

/* Begin PBXBuildFile section */
		6BA634881CF7471A00ECA7BF /* AppDelegate.swift in Sources */ = {isa = PBXBuildFile; fileRef = 6BA634871CF7471A00ECA7BF /* AppDelegate.swift */; };
		6BA6348A1CF7471A00ECA7BF /* MainViewController.swift in Sources */ = {isa = PBXBuildFile; fileRef = 6BA634891CF7471A00ECA7BF /* MainViewController.swift */; };
		6BA6348D1CF7471A00ECA7BF /* Main.storyboard in Resources */ = {isa = PBXBuildFile; fileRef = 6BA6348B1CF7471A00ECA7BF /* Main.storyboard */; };
		6BA6348F1CF7471A00ECA7BF /* Assets.xcassets in Resources */ = {isa = PBXBuildFile; fileRef = 6BA6348E1CF7471A00ECA7BF /* Assets.xcassets */; };
		6BA634921CF7471A00ECA7BF /* LaunchScreen.storyboard in Resources */ = {isa = PBXBuildFile; fileRef = 6BA634901CF7471A00ECA7BF /* LaunchScreen.storyboard */; };
		6BA6349D1CF7471A00ECA7BF /* MatchGameTests.swift in Sources */ = {isa = PBXBuildFile; fileRef = 6BA6349C1CF7471A00ECA7BF /* MatchGameTests.swift */; };
		6BC766261D194CB70065CEA1 /* MatchGameUITests.swift in Sources */ = {isa = PBXBuildFile; fileRef = 6BC766251D194CB70065CEA1 /* MatchGameUITests.swift */; };
		6BCF34121CF854CC00BE7594 /* SettingsViewController.swift in Sources */ = {isa = PBXBuildFile; fileRef = 6BCF34111CF854CC00BE7594 /* SettingsViewController.swift */; };
		6BCF342A1CF8563200BE7594 /* BasicEngine.swift in Sources */ = {isa = PBXBuildFile; fileRef = 6BCF34231CF8563200BE7594 /* BasicEngine.swift */; };
		6BCF342B1CF8563200BE7594 /* DumbEngine.swift in Sources */ = {isa = PBXBuildFile; fileRef = 6BCF34241CF8563200BE7594 /* DumbEngine.swift */; };
		6BCF342C1CF8563200BE7594 /* EngineMove.swift in Sources */ = {isa = PBXBuildFile; fileRef = 6BCF34251CF8563200BE7594 /* EngineMove.swift */; };
		6BCF342D1CF8563200BE7594 /* MatchModel.swift in Sources */ = {isa = PBXBuildFile; fileRef = 6BCF34261CF8563200BE7594 /* MatchModel.swift */; };
		6BCF342E1CF8563200BE7594 /* MatchPile.swift in Sources */ = {isa = PBXBuildFile; fileRef = 6BCF34271CF8563200BE7594 /* MatchPile.swift */; };
		6BCF342F1CF8563200BE7594 /* SmartEngine.swift in Sources */ = {isa = PBXBuildFile; fileRef = 6BCF34281CF8563200BE7594 /* SmartEngine.swift */; };
		6BCF34301CF8563200BE7594 /* WildEngine.swift in Sources */ = {isa = PBXBuildFile; fileRef = 6BCF34291CF8563200BE7594 /* WildEngine.swift */; };
		6BF3B9BB1CF8455F00486224 /* MatchPileView.swift in Sources */ = {isa = PBXBuildFile; fileRef = 6BF3B9BA1CF8455F00486224 /* MatchPileView.swift */; };
		6BF3B9BD1CF8456C00486224 /* SingleMatchView.swift in Sources */ = {isa = PBXBuildFile; fileRef = 6BF3B9BC1CF8456C00486224 /* SingleMatchView.swift */; };
/* End PBXBuildFile section */

/* Begin PBXContainerItemProxy section */
		6BA634991CF7471A00ECA7BF /* PBXContainerItemProxy */ = {
			isa = PBXContainerItemProxy;
			containerPortal = 6BA6347C1CF7471A00ECA7BF /* Project object */;
			proxyType = 1;
			remoteGlobalIDString = 6BA634831CF7471A00ECA7BF;
			remoteInfo = MatchGame;
		};
		6BC766281D194CB70065CEA1 /* PBXContainerItemProxy */ = {
			isa = PBXContainerItemProxy;
			containerPortal = 6BA6347C1CF7471A00ECA7BF /* Project object */;
			proxyType = 1;
			remoteGlobalIDString = 6BA634831CF7471A00ECA7BF;
			remoteInfo = MatchGame;
		};
/* End PBXContainerItemProxy section */

/* Begin PBXFileReference section */
		6BA634841CF7471A00ECA7BF /* MatchGame.app */ = {isa = PBXFileReference; explicitFileType = wrapper.application; includeInIndex = 0; path = MatchGame.app; sourceTree = BUILT_PRODUCTS_DIR; };
		6BA634871CF7471A00ECA7BF /* AppDelegate.swift */ = {isa = PBXFileReference; lastKnownFileType = sourcecode.swift; path = AppDelegate.swift; sourceTree = "<group>"; };
		6BA634891CF7471A00ECA7BF /* MainViewController.swift */ = {isa = PBXFileReference; lastKnownFileType = sourcecode.swift; name = MainViewController.swift; path = Controller/MainViewController.swift; sourceTree = "<group>"; };
		6BA6348C1CF7471A00ECA7BF /* Base */ = {isa = PBXFileReference; lastKnownFileType = file.storyboard; name = Base; path = Base.lproj/Main.storyboard; sourceTree = "<group>"; };
		6BA6348E1CF7471A00ECA7BF /* Assets.xcassets */ = {isa = PBXFileReference; lastKnownFileType = folder.assetcatalog; path = Assets.xcassets; sourceTree = "<group>"; };
		6BA634911CF7471A00ECA7BF /* Base */ = {isa = PBXFileReference; lastKnownFileType = file.storyboard; name = Base; path = Base.lproj/LaunchScreen.storyboard; sourceTree = "<group>"; };
		6BA634931CF7471A00ECA7BF /* Info.plist */ = {isa = PBXFileReference; lastKnownFileType = text.plist.xml; path = Info.plist; sourceTree = "<group>"; };
		6BA634981CF7471A00ECA7BF /* MatchGameTests.xctest */ = {isa = PBXFileReference; explicitFileType = wrapper.cfbundle; includeInIndex = 0; path = MatchGameTests.xctest; sourceTree = BUILT_PRODUCTS_DIR; };
		6BA6349C1CF7471A00ECA7BF /* MatchGameTests.swift */ = {isa = PBXFileReference; lastKnownFileType = sourcecode.swift; path = MatchGameTests.swift; sourceTree = "<group>"; };
		6BA6349E1CF7471A00ECA7BF /* Info.plist */ = {isa = PBXFileReference; lastKnownFileType = text.plist.xml; path = Info.plist; sourceTree = "<group>"; };
		6BC766231D194CB70065CEA1 /* MatchGameUITests.xctest */ = {isa = PBXFileReference; explicitFileType = wrapper.cfbundle; includeInIndex = 0; path = MatchGameUITests.xctest; sourceTree = BUILT_PRODUCTS_DIR; };
		6BC766251D194CB70065CEA1 /* MatchGameUITests.swift */ = {isa = PBXFileReference; lastKnownFileType = sourcecode.swift; path = MatchGameUITests.swift; sourceTree = "<group>"; };
		6BC766271D194CB70065CEA1 /* Info.plist */ = {isa = PBXFileReference; lastKnownFileType = text.plist.xml; path = Info.plist; sourceTree = "<group>"; };
		6BCF34111CF854CC00BE7594 /* SettingsViewController.swift */ = {isa = PBXFileReference; fileEncoding = 4; lastKnownFileType = sourcecode.swift; name = SettingsViewController.swift; path = Controller/SettingsViewController.swift; sourceTree = "<group>"; };
		6BCF34231CF8563200BE7594 /* BasicEngine.swift */ = {isa = PBXFileReference; fileEncoding = 4; lastKnownFileType = sourcecode.swift; name = BasicEngine.swift; path = Model/BasicEngine.swift; sourceTree = "<group>"; };
		6BCF34241CF8563200BE7594 /* DumbEngine.swift */ = {isa = PBXFileReference; fileEncoding = 4; lastKnownFileType = sourcecode.swift; name = DumbEngine.swift; path = Model/DumbEngine.swift; sourceTree = "<group>"; };
		6BCF34251CF8563200BE7594 /* EngineMove.swift */ = {isa = PBXFileReference; fileEncoding = 4; lastKnownFileType = sourcecode.swift; name = EngineMove.swift; path = Model/EngineMove.swift; sourceTree = "<group>"; };
		6BCF34261CF8563200BE7594 /* MatchModel.swift */ = {isa = PBXFileReference; fileEncoding = 4; lastKnownFileType = sourcecode.swift; name = MatchModel.swift; path = Model/MatchModel.swift; sourceTree = "<group>"; };
		6BCF34271CF8563200BE7594 /* MatchPile.swift */ = {isa = PBXFileReference; fileEncoding = 4; lastKnownFileType = sourcecode.swift; name = MatchPile.swift; path = Model/MatchPile.swift; sourceTree = "<group>"; };
		6BCF34281CF8563200BE7594 /* SmartEngine.swift */ = {isa = PBXFileReference; fileEncoding = 4; lastKnownFileType = sourcecode.swift; name = SmartEngine.swift; path = Model/SmartEngine.swift; sourceTree = "<group>"; };
		6BCF34291CF8563200BE7594 /* WildEngine.swift */ = {isa = PBXFileReference; fileEncoding = 4; lastKnownFileType = sourcecode.swift; name = WildEngine.swift; path = Model/WildEngine.swift; sourceTree = "<group>"; };
		6BF3B9BA1CF8455F00486224 /* MatchPileView.swift */ = {isa = PBXFileReference; fileEncoding = 4; lastKnownFileType = sourcecode.swift; name = MatchPileView.swift; path = View/MatchPileView.swift; sourceTree = "<group>"; };
		6BF3B9BC1CF8456C00486224 /* SingleMatchView.swift */ = {isa = PBXFileReference; fileEncoding = 4; lastKnownFileType = sourcecode.swift; name = SingleMatchView.swift; path = View/SingleMatchView.swift; sourceTree = "<group>"; };
/* End PBXFileReference section */

/* Begin PBXFrameworksBuildPhase section */
		6BA634811CF7471A00ECA7BF /* Frameworks */ = {
			isa = PBXFrameworksBuildPhase;
			buildActionMask = 2147483647;
			files = (
			);
			runOnlyForDeploymentPostprocessing = 0;
		};
		6BA634951CF7471A00ECA7BF /* Frameworks */ = {
			isa = PBXFrameworksBuildPhase;
			buildActionMask = 2147483647;
			files = (
			);
			runOnlyForDeploymentPostprocessing = 0;
		};
		6BC766201D194CB70065CEA1 /* Frameworks */ = {
			isa = PBXFrameworksBuildPhase;
			buildActionMask = 2147483647;
			files = (
			);
			runOnlyForDeploymentPostprocessing = 0;
		};
/* End PBXFrameworksBuildPhase section */

/* Begin PBXGroup section */
		6BA6347B1CF7471A00ECA7BF = {
			isa = PBXGroup;
			children = (
				6BA634861CF7471A00ECA7BF /* MatchGame */,
				6BA6349B1CF7471A00ECA7BF /* MatchGameTests */,
				6BC766241D194CB70065CEA1 /* MatchGameUITests */,
				6BA634851CF7471A00ECA7BF /* Products */,
			);
			sourceTree = "<group>";
		};
		6BA634851CF7471A00ECA7BF /* Products */ = {
			isa = PBXGroup;
			children = (
				6BA634841CF7471A00ECA7BF /* MatchGame.app */,
				6BA634981CF7471A00ECA7BF /* MatchGameTests.xctest */,
				6BC766231D194CB70065CEA1 /* MatchGameUITests.xctest */,
			);
			name = Products;
			sourceTree = "<group>";
		};
		6BA634861CF7471A00ECA7BF /* MatchGame */ = {
			isa = PBXGroup;
			children = (
				6BA634AA1CF7477300ECA7BF /*  Administrative */,
				6BA634A91CF7476800ECA7BF /* Controller */,
				6BA634A81CF7475E00ECA7BF /* View */,
				6BA634A71CF7475800ECA7BF /* Model */,
			);
			path = MatchGame;
			sourceTree = "<group>";
		};
		6BA6349B1CF7471A00ECA7BF /* MatchGameTests */ = {
			isa = PBXGroup;
			children = (
				6BA6349C1CF7471A00ECA7BF /* MatchGameTests.swift */,
				6BA6349E1CF7471A00ECA7BF /* Info.plist */,
			);
			path = MatchGameTests;
			sourceTree = "<group>";
		};
		6BA634A71CF7475800ECA7BF /* Model */ = {
			isa = PBXGroup;
			children = (
				6BCF34231CF8563200BE7594 /* BasicEngine.swift */,
				6BCF34241CF8563200BE7594 /* DumbEngine.swift */,
				6BCF34251CF8563200BE7594 /* EngineMove.swift */,
				6BCF34261CF8563200BE7594 /* MatchModel.swift */,
				6BCF34271CF8563200BE7594 /* MatchPile.swift */,
				6BCF34281CF8563200BE7594 /* SmartEngine.swift */,
				6BCF34291CF8563200BE7594 /* WildEngine.swift */,
			);
			name = Model;
			sourceTree = "<group>";
		};
		6BA634A81CF7475E00ECA7BF /* View */ = {
			isa = PBXGroup;
			children = (
				6BA634901CF7471A00ECA7BF /* LaunchScreen.storyboard */,
				6BA6348B1CF7471A00ECA7BF /* Main.storyboard */,
				6BF3B9BA1CF8455F00486224 /* MatchPileView.swift */,
				6BF3B9BC1CF8456C00486224 /* SingleMatchView.swift */,
			);
			name = View;
			sourceTree = "<group>";
		};
		6BA634A91CF7476800ECA7BF /* Controller */ = {
			isa = PBXGroup;
			children = (
				6BA634891CF7471A00ECA7BF /* MainViewController.swift */,
				6BCF34111CF854CC00BE7594 /* SettingsViewController.swift */,
			);
			name = Controller;
			sourceTree = "<group>";
		};
		6BA634AA1CF7477300ECA7BF /*  Administrative */ = {
			isa = PBXGroup;
			children = (
				6BA6348E1CF7471A00ECA7BF /* Assets.xcassets */,
				6BA634931CF7471A00ECA7BF /* Info.plist */,
				6BA634871CF7471A00ECA7BF /* AppDelegate.swift */,
			);
			name = " Administrative";
			sourceTree = "<group>";
		};
		6BC766241D194CB70065CEA1 /* MatchGameUITests */ = {
			isa = PBXGroup;
			children = (
				6BC766251D194CB70065CEA1 /* MatchGameUITests.swift */,
				6BC766271D194CB70065CEA1 /* Info.plist */,
			);
			path = MatchGameUITests;
			sourceTree = "<group>";
		};
/* End PBXGroup section */

/* Begin PBXNativeTarget section */
		6BA634831CF7471A00ECA7BF /* MatchGame */ = {
			isa = PBXNativeTarget;
			buildConfigurationList = 6BA634A11CF7471A00ECA7BF /* Build configuration list for PBXNativeTarget "MatchGame" */;
			buildPhases = (
				6BA634801CF7471A00ECA7BF /* Sources */,
				6BA634811CF7471A00ECA7BF /* Frameworks */,
				6BA634821CF7471A00ECA7BF /* Resources */,
			);
			buildRules = (
			);
			dependencies = (
			);
			name = MatchGame;
			productName = MatchGame;
			productReference = 6BA634841CF7471A00ECA7BF /* MatchGame.app */;
			productType = "com.apple.product-type.application";
		};
		6BA634971CF7471A00ECA7BF /* MatchGameTests */ = {
			isa = PBXNativeTarget;
			buildConfigurationList = 6BA634A41CF7471A00ECA7BF /* Build configuration list for PBXNativeTarget "MatchGameTests" */;
			buildPhases = (
				6BA634941CF7471A00ECA7BF /* Sources */,
				6BA634951CF7471A00ECA7BF /* Frameworks */,
				6BA634961CF7471A00ECA7BF /* Resources */,
			);
			buildRules = (
			);
			dependencies = (
				6BA6349A1CF7471A00ECA7BF /* PBXTargetDependency */,
			);
			name = MatchGameTests;
			productName = MatchGameTests;
			productReference = 6BA634981CF7471A00ECA7BF /* MatchGameTests.xctest */;
			productType = "com.apple.product-type.bundle.unit-test";
		};
		6BC766221D194CB70065CEA1 /* MatchGameUITests */ = {
			isa = PBXNativeTarget;
			buildConfigurationList = 6BC7662A1D194CB70065CEA1 /* Build configuration list for PBXNativeTarget "MatchGameUITests" */;
			buildPhases = (
				6BC7661F1D194CB70065CEA1 /* Sources */,
				6BC766201D194CB70065CEA1 /* Frameworks */,
				6BC766211D194CB70065CEA1 /* Resources */,
			);
			buildRules = (
			);
			dependencies = (
				6BC766291D194CB70065CEA1 /* PBXTargetDependency */,
			);
			name = MatchGameUITests;
			productName = MatchGameUITests;
			productReference = 6BC766231D194CB70065CEA1 /* MatchGameUITests.xctest */;
			productType = "com.apple.product-type.bundle.ui-testing";
		};
/* End PBXNativeTarget section */

/* Begin PBXProject section */
		6BA6347C1CF7471A00ECA7BF /* Project object */ = {
			isa = PBXProject;
			attributes = {
				LastSwiftUpdateCheck = 0730;
				LastUpgradeCheck = 0820;
				ORGANIZATIONNAME = "Wolfram Schroers";
				TargetAttributes = {
					6BA634831CF7471A00ECA7BF = {
						CreatedOnToolsVersion = 7.3.1;
						LastSwiftMigration = 0900;
						ProvisioningStyle = Manual;
					};
					6BA634971CF7471A00ECA7BF = {
						CreatedOnToolsVersion = 7.3.1;
						LastSwiftMigration = 0900;
						ProvisioningStyle = Manual;
						TestTargetID = 6BA634831CF7471A00ECA7BF;
					};
					6BC766221D194CB70065CEA1 = {
						CreatedOnToolsVersion = 7.3.1;
						LastSwiftMigration = 0900;
						ProvisioningStyle = Manual;
						TestTargetID = 6BA634831CF7471A00ECA7BF;
					};
				};
			};
			buildConfigurationList = 6BA6347F1CF7471A00ECA7BF /* Build configuration list for PBXProject "MatchGame" */;
			compatibilityVersion = "Xcode 3.2";
			developmentRegion = English;
			hasScannedForEncodings = 0;
			knownRegions = (
				en,
				Base,
			);
			mainGroup = 6BA6347B1CF7471A00ECA7BF;
			productRefGroup = 6BA634851CF7471A00ECA7BF /* Products */;
			projectDirPath = "";
			projectRoot = "";
			targets = (
				6BA634831CF7471A00ECA7BF /* MatchGame */,
				6BA634971CF7471A00ECA7BF /* MatchGameTests */,
				6BC766221D194CB70065CEA1 /* MatchGameUITests */,
			);
		};
/* End PBXProject section */

/* Begin PBXResourcesBuildPhase section */
		6BA634821CF7471A00ECA7BF /* Resources */ = {
			isa = PBXResourcesBuildPhase;
			buildActionMask = 2147483647;
			files = (
				6BA634921CF7471A00ECA7BF /* LaunchScreen.storyboard in Resources */,
				6BA6348F1CF7471A00ECA7BF /* Assets.xcassets in Resources */,
				6BA6348D1CF7471A00ECA7BF /* Main.storyboard in Resources */,
			);
			runOnlyForDeploymentPostprocessing = 0;
		};
		6BA634961CF7471A00ECA7BF /* Resources */ = {
			isa = PBXResourcesBuildPhase;
			buildActionMask = 2147483647;
			files = (
			);
			runOnlyForDeploymentPostprocessing = 0;
		};
		6BC766211D194CB70065CEA1 /* Resources */ = {
			isa = PBXResourcesBuildPhase;
			buildActionMask = 2147483647;
			files = (
			);
			runOnlyForDeploymentPostprocessing = 0;
		};
/* End PBXResourcesBuildPhase section */

/* Begin PBXSourcesBuildPhase section */
		6BA634801CF7471A00ECA7BF /* Sources */ = {
			isa = PBXSourcesBuildPhase;
			buildActionMask = 2147483647;
			files = (
				6BCF342C1CF8563200BE7594 /* EngineMove.swift in Sources */,
				6BCF342E1CF8563200BE7594 /* MatchPile.swift in Sources */,
				6BA6348A1CF7471A00ECA7BF /* MainViewController.swift in Sources */,
				6BA634881CF7471A00ECA7BF /* AppDelegate.swift in Sources */,
				6BF3B9BD1CF8456C00486224 /* SingleMatchView.swift in Sources */,
				6BCF34121CF854CC00BE7594 /* SettingsViewController.swift in Sources */,
				6BCF342B1CF8563200BE7594 /* DumbEngine.swift in Sources */,
				6BCF342F1CF8563200BE7594 /* SmartEngine.swift in Sources */,
				6BCF342A1CF8563200BE7594 /* BasicEngine.swift in Sources */,
				6BCF34301CF8563200BE7594 /* WildEngine.swift in Sources */,
				6BCF342D1CF8563200BE7594 /* MatchModel.swift in Sources */,
				6BF3B9BB1CF8455F00486224 /* MatchPileView.swift in Sources */,
			);
			runOnlyForDeploymentPostprocessing = 0;
		};
		6BA634941CF7471A00ECA7BF /* Sources */ = {
			isa = PBXSourcesBuildPhase;
			buildActionMask = 2147483647;
			files = (
				6BA6349D1CF7471A00ECA7BF /* MatchGameTests.swift in Sources */,
			);
			runOnlyForDeploymentPostprocessing = 0;
		};
		6BC7661F1D194CB70065CEA1 /* Sources */ = {
			isa = PBXSourcesBuildPhase;
			buildActionMask = 2147483647;
			files = (
				6BC766261D194CB70065CEA1 /* MatchGameUITests.swift in Sources */,
			);
			runOnlyForDeploymentPostprocessing = 0;
		};
/* End PBXSourcesBuildPhase section */

/* Begin PBXTargetDependency section */
		6BA6349A1CF7471A00ECA7BF /* PBXTargetDependency */ = {
			isa = PBXTargetDependency;
			target = 6BA634831CF7471A00ECA7BF /* MatchGame */;
			targetProxy = 6BA634991CF7471A00ECA7BF /* PBXContainerItemProxy */;
		};
		6BC766291D194CB70065CEA1 /* PBXTargetDependency */ = {
			isa = PBXTargetDependency;
			target = 6BA634831CF7471A00ECA7BF /* MatchGame */;
			targetProxy = 6BC766281D194CB70065CEA1 /* PBXContainerItemProxy */;
		};
/* End PBXTargetDependency section */

/* Begin PBXVariantGroup section */
		6BA6348B1CF7471A00ECA7BF /* Main.storyboard */ = {
			isa = PBXVariantGroup;
			children = (
				6BA6348C1CF7471A00ECA7BF /* Base */,
			);
			name = Main.storyboard;
			path = View;
			sourceTree = "<group>";
		};
		6BA634901CF7471A00ECA7BF /* LaunchScreen.storyboard */ = {
			isa = PBXVariantGroup;
			children = (
				6BA634911CF7471A00ECA7BF /* Base */,
			);
			name = LaunchScreen.storyboard;
			path = View;
			sourceTree = "<group>";
		};
/* End PBXVariantGroup section */

/* Begin XCBuildConfiguration section */
		6BA6349F1CF7471A00ECA7BF /* Debug */ = {
			isa = XCBuildConfiguration;
			buildSettings = {
				ALWAYS_SEARCH_USER_PATHS = NO;
				CLANG_ANALYZER_NONNULL = YES;
				CLANG_CXX_LANGUAGE_STANDARD = "gnu++0x";
				CLANG_CXX_LIBRARY = "libc++";
				CLANG_ENABLE_MODULES = YES;
				CLANG_ENABLE_OBJC_ARC = YES;
				CLANG_WARN_BOOL_CONVERSION = YES;
				CLANG_WARN_CONSTANT_CONVERSION = YES;
				CLANG_WARN_DIRECT_OBJC_ISA_USAGE = YES_ERROR;
				CLANG_WARN_EMPTY_BODY = YES;
				CLANG_WARN_ENUM_CONVERSION = YES;
				CLANG_WARN_INFINITE_RECURSION = YES;
				CLANG_WARN_INT_CONVERSION = YES;
				CLANG_WARN_OBJC_ROOT_CLASS = YES_ERROR;
				CLANG_WARN_SUSPICIOUS_MOVE = YES;
				CLANG_WARN_UNREACHABLE_CODE = YES;
				CLANG_WARN__DUPLICATE_METHOD_MATCH = YES;
				CODE_SIGN_IDENTITY = "iPhone Developer";
				"CODE_SIGN_IDENTITY[sdk=iphoneos*]" = "iPhone Developer";
				COPY_PHASE_STRIP = NO;
				DEBUG_INFORMATION_FORMAT = dwarf;
				ENABLE_STRICT_OBJC_MSGSEND = YES;
				ENABLE_TESTABILITY = YES;
				GCC_C_LANGUAGE_STANDARD = gnu99;
				GCC_DYNAMIC_NO_PIC = NO;
				GCC_NO_COMMON_BLOCKS = YES;
				GCC_OPTIMIZATION_LEVEL = 0;
				GCC_PREPROCESSOR_DEFINITIONS = (
					"DEBUG=1",
					"$(inherited)",
				);
				GCC_WARN_64_TO_32_BIT_CONVERSION = YES;
				GCC_WARN_ABOUT_RETURN_TYPE = YES_ERROR;
				GCC_WARN_UNDECLARED_SELECTOR = YES;
				GCC_WARN_UNINITIALIZED_AUTOS = YES_AGGRESSIVE;
				GCC_WARN_UNUSED_FUNCTION = YES;
				GCC_WARN_UNUSED_VARIABLE = YES;
				IPHONEOS_DEPLOYMENT_TARGET = 9.3;
				MTL_ENABLE_DEBUG_INFO = YES;
				ONLY_ACTIVE_ARCH = YES;
				SDKROOT = iphoneos;
				SWIFT_OPTIMIZATION_LEVEL = "-Onone";
			};
			name = Debug;
		};
		6BA634A01CF7471A00ECA7BF /* Release */ = {
			isa = XCBuildConfiguration;
			buildSettings = {
				ALWAYS_SEARCH_USER_PATHS = NO;
				CLANG_ANALYZER_NONNULL = YES;
				CLANG_CXX_LANGUAGE_STANDARD = "gnu++0x";
				CLANG_CXX_LIBRARY = "libc++";
				CLANG_ENABLE_MODULES = YES;
				CLANG_ENABLE_OBJC_ARC = YES;
				CLANG_WARN_BOOL_CONVERSION = YES;
				CLANG_WARN_CONSTANT_CONVERSION = YES;
				CLANG_WARN_DIRECT_OBJC_ISA_USAGE = YES_ERROR;
				CLANG_WARN_EMPTY_BODY = YES;
				CLANG_WARN_ENUM_CONVERSION = YES;
				CLANG_WARN_INFINITE_RECURSION = YES;
				CLANG_WARN_INT_CONVERSION = YES;
				CLANG_WARN_OBJC_ROOT_CLASS = YES_ERROR;
				CLANG_WARN_SUSPICIOUS_MOVE = YES;
				CLANG_WARN_UNREACHABLE_CODE = YES;
				CLANG_WARN__DUPLICATE_METHOD_MATCH = YES;
				CODE_SIGN_IDENTITY = "iPhone Developer";
				"CODE_SIGN_IDENTITY[sdk=iphoneos*]" = "iPhone Developer";
				COPY_PHASE_STRIP = NO;
				DEBUG_INFORMATION_FORMAT = "dwarf-with-dsym";
				ENABLE_NS_ASSERTIONS = NO;
				ENABLE_STRICT_OBJC_MSGSEND = YES;
				GCC_C_LANGUAGE_STANDARD = gnu99;
				GCC_NO_COMMON_BLOCKS = YES;
				GCC_WARN_64_TO_32_BIT_CONVERSION = YES;
				GCC_WARN_ABOUT_RETURN_TYPE = YES_ERROR;
				GCC_WARN_UNDECLARED_SELECTOR = YES;
				GCC_WARN_UNINITIALIZED_AUTOS = YES_AGGRESSIVE;
				GCC_WARN_UNUSED_FUNCTION = YES;
				GCC_WARN_UNUSED_VARIABLE = YES;
				IPHONEOS_DEPLOYMENT_TARGET = 9.3;
				MTL_ENABLE_DEBUG_INFO = NO;
				SDKROOT = iphoneos;
				SWIFT_OPTIMIZATION_LEVEL = "-Owholemodule";
				VALIDATE_PRODUCT = YES;
			};
			name = Release;
		};
		6BA634A21CF7471A00ECA7BF /* Debug */ = {
			isa = XCBuildConfiguration;
			buildSettings = {
				ASSETCATALOG_COMPILER_APPICON_NAME = AppIcon;
				DEVELOPMENT_TEAM = "";
				INFOPLIST_FILE = MatchGame/Info.plist;
				LD_RUNPATH_SEARCH_PATHS = "$(inherited) @executable_path/Frameworks";
				PRODUCT_BUNDLE_IDENTIFIER = "de.nua-schroers.MatchGame";
				PRODUCT_NAME = "$(TARGET_NAME)";
				SWIFT_VERSION = 3.1;
			};
			name = Debug;
		};
		6BA634A31CF7471A00ECA7BF /* Release */ = {
			isa = XCBuildConfiguration;
			buildSettings = {
				ASSETCATALOG_COMPILER_APPICON_NAME = AppIcon;
				DEVELOPMENT_TEAM = "";
				INFOPLIST_FILE = MatchGame/Info.plist;
				LD_RUNPATH_SEARCH_PATHS = "$(inherited) @executable_path/Frameworks";
				PRODUCT_BUNDLE_IDENTIFIER = "de.nua-schroers.MatchGame";
				PRODUCT_NAME = "$(TARGET_NAME)";
				SWIFT_VERSION = 3.1;
			};
			name = Release;
		};
		6BA634A51CF7471A00ECA7BF /* Debug */ = {
			isa = XCBuildConfiguration;
			buildSettings = {
				BUNDLE_LOADER = "$(TEST_HOST)";
				DEVELOPMENT_TEAM = "";
				INFOPLIST_FILE = MatchGameTests/Info.plist;
				LD_RUNPATH_SEARCH_PATHS = "$(inherited) @executable_path/Frameworks @loader_path/Frameworks";
				PRODUCT_BUNDLE_IDENTIFIER = "de.nua-schroers.MatchGameTests";
				PRODUCT_NAME = "$(TARGET_NAME)";
				SWIFT_VERSION = 3.1;
				TEST_HOST = "$(BUILT_PRODUCTS_DIR)/MatchGame.app/MatchGame";
			};
			name = Debug;
		};
		6BA634A61CF7471A00ECA7BF /* Release */ = {
			isa = XCBuildConfiguration;
			buildSettings = {
				BUNDLE_LOADER = "$(TEST_HOST)";
				DEVELOPMENT_TEAM = "";
				INFOPLIST_FILE = MatchGameTests/Info.plist;
				LD_RUNPATH_SEARCH_PATHS = "$(inherited) @executable_path/Frameworks @loader_path/Frameworks";
				PRODUCT_BUNDLE_IDENTIFIER = "de.nua-schroers.MatchGameTests";
				PRODUCT_NAME = "$(TARGET_NAME)";
				SWIFT_VERSION = 3.1;
				TEST_HOST = "$(BUILT_PRODUCTS_DIR)/MatchGame.app/MatchGame";
			};
			name = Release;
		};
		6BC7662B1D194CB70065CEA1 /* Debug */ = {
			isa = XCBuildConfiguration;
			buildSettings = {
				DEVELOPMENT_TEAM = "";
				INFOPLIST_FILE = MatchGameUITests/Info.plist;
				LD_RUNPATH_SEARCH_PATHS = "$(inherited) @executable_path/Frameworks @loader_path/Frameworks";
				PRODUCT_BUNDLE_IDENTIFIER = "de.nua-schroers.MatchGameUITests";
				PRODUCT_NAME = "$(TARGET_NAME)";
				SWIFT_VERSION = 3.1;
				TEST_TARGET_NAME = MatchGame;
			};
			name = Debug;
		};
		6BC7662C1D194CB70065CEA1 /* Release */ = {
			isa = XCBuildConfiguration;
			buildSettings = {
				DEVELOPMENT_TEAM = "";
				INFOPLIST_FILE = MatchGameUITests/Info.plist;
				LD_RUNPATH_SEARCH_PATHS = "$(inherited) @executable_path/Frameworks @loader_path/Frameworks";
				PRODUCT_BUNDLE_IDENTIFIER = "de.nua-schroers.MatchGameUITests";
				PRODUCT_NAME = "$(TARGET_NAME)";
				SWIFT_VERSION = 3.1;
				TEST_TARGET_NAME = MatchGame;
			};
			name = Release;
		};
/* End XCBuildConfiguration section */

/* Begin XCConfigurationList section */
		6BA6347F1CF7471A00ECA7BF /* Build configuration list for PBXProject "MatchGame" */ = {
			isa = XCConfigurationList;
			buildConfigurations = (
				6BA6349F1CF7471A00ECA7BF /* Debug */,
				6BA634A01CF7471A00ECA7BF /* Release */,
			);
			defaultConfigurationIsVisible = 0;
			defaultConfigurationName = Release;
		};
		6BA634A11CF7471A00ECA7BF /* Build configuration list for PBXNativeTarget "MatchGame" */ = {
			isa = XCConfigurationList;
			buildConfigurations = (
				6BA634A21CF7471A00ECA7BF /* Debug */,
				6BA634A31CF7471A00ECA7BF /* Release */,
			);
			defaultConfigurationIsVisible = 0;
			defaultConfigurationName = Release;
		};
		6BA634A41CF7471A00ECA7BF /* Build configuration list for PBXNativeTarget "MatchGameTests" */ = {
			isa = XCConfigurationList;
			buildConfigurations = (
				6BA634A51CF7471A00ECA7BF /* Debug */,
				6BA634A61CF7471A00ECA7BF /* Release */,
			);
			defaultConfigurationIsVisible = 0;
			defaultConfigurationName = Release;
		};
		6BC7662A1D194CB70065CEA1 /* Build configuration list for PBXNativeTarget "MatchGameUITests" */ = {
			isa = XCConfigurationList;
			buildConfigurations = (
				6BC7662B1D194CB70065CEA1 /* Debug */,
				6BC7662C1D194CB70065CEA1 /* Release */,
			);
			defaultConfigurationIsVisible = 0;
			defaultConfigurationName = Release;
		};
/* End XCConfigurationList section */
	};
	rootObject = 6BA6347C1CF7471A00ECA7BF /* Project object */;
}
